
Microsoft Visual Studio Solution File, Format Version 12.00
# Visual Studio 14
VisualStudioVersion = 14.0.25420.1
MinimumVisualStudioVersion = 10.0.40219.1
Project("{2150E333-8FDC-42A3-9474-1A3956D46DE8}") = "Parsers", "Parsers", "{A84F4B5A-5C8C-430B-AE78-08C898F99D18}"
EndProject
Project("{2150E333-8FDC-42A3-9474-1A3956D46DE8}") = "ImageTools", "ImageTools", "{D14FB89B-F475-4DDF-9B58-E6A19A7A3611}"
EndProject
Project("{FAE04EC0-301F-11D3-BF4B-00C04F79EFBC}") = "ImageBoardBrowser", "ImageBoardBrowser\ImageBoardBrowser.csproj", "{20C3493C-2B02-42B0-9546-ED6F206EC3ED}"
EndProject
Project("{FAE04EC0-301F-11D3-BF4B-00C04F79EFBC}") = "WP7_Mango_HtmlTextBlockControl", "WP7_Mango_HtmlTextBlockControl\WP7_Mango_HtmlTextBlockControl.csproj", "{48901D54-1574-47A3-88C3-413B5F1D0E3B}"
EndProject
Project("{FAE04EC0-301F-11D3-BF4B-00C04F79EFBC}") = "ImageBoard.Controls", "ImageBoard.Controls\ImageBoard.Controls.csproj", "{7C52C9E4-9CC2-442A-B4F3-C70AB686E0DD}"
EndProject
Project("{FAE04EC0-301F-11D3-BF4B-00C04F79EFBC}") = "ImageTools.Phone", "ImageTools\Source\src\ImageTools\ImageTools.Phone\ImageTools.Phone.csproj", "{5876DA9E-C3DF-4D27-835F-DF998658CB6E}"
EndProject
Project("{FAE04EC0-301F-11D3-BF4B-00C04F79EFBC}") = "ImageTools.IO.Gif.Phone", "ImageTools\Source\src\ImageTools\ImageTools.IO.Gif.Phone\ImageTools.IO.Gif.Phone.csproj", "{58E343B0-5342-4266-8F2E-E1D0554B9D11}"
EndProject
Project("{FAE04EC0-301F-11D3-BF4B-00C04F79EFBC}") = "ImageTools.Controls.Phone", "ImageTools\Source\src\ImageTools\ImageTools.Controls.Phone\ImageTools.Controls.Phone.csproj", "{30BEDEDE-3224-49FA-9340-8A82447619CB}"
EndProject
Project("{FAE04EC0-301F-11D3-BF4B-00C04F79EFBC}") = "ImageTools.Utils.Phone", "ImageTools\Source\src\ImageTools\ImageTools.Utils.Phone\ImageTools.Utils.Phone.csproj", "{F05F81AE-91FD-435D-9AC8-E53980B071A9}"
EndProject
Project("{FAE04EC0-301F-11D3-BF4B-00C04F79EFBC}") = "ImageBoard.Parsers.Common", "ImageBoard.Parsers.Common\ImageBoard.Parsers.Common.csproj", "{C665C5C5-EFAC-4C29-A25A-FE4DDD28DD6F}"
EndProject
Project("{FAE04EC0-301F-11D3-BF4B-00C04F79EFBC}") = "ImageBoard.Parsers.FourChan", "ImageBoard.Parsers.FourChan\ImageBoard.Parsers.FourChan.csproj", "{9C412C44-F5F9-4FF6-8827-0A78C767363C}"
EndProject
Project("{FAE04EC0-301F-11D3-BF4B-00C04F79EFBC}") = "ImageBoard.Parsers.PonyChan", "ImageBoard.Parsers.PonyChan\ImageBoard.Parsers.PonyChan.csproj", "{A7399B0D-8145-49FD-9663-D62EA77AFA79}"
EndProject
Project("{FAE04EC0-301F-11D3-BF4B-00C04F79EFBC}") = "ImageBoard.Parsers.KrautChan", "ImageBoard.Parsers.KrautChan\ImageBoard.Parsers.KrautChan.csproj", "{43CB4B29-3D18-4A3D-8BA6-2509DB8AACCA}"
EndProject
Project("{FAE04EC0-301F-11D3-BF4B-00C04F79EFBC}") = "ImageBoard.Parsers.FourTwentyChan", "ImageBoard.Parsers.FourTwentyChan\ImageBoard.Parsers.FourTwentyChan.csproj", "{1E6A01CC-4CF3-479E-A66B-C34B12AAB833}"
EndProject
Project("{FAE04EC0-301F-11D3-BF4B-00C04F79EFBC}") = "Coding4Fun.Phone.Controls", "Coding4Fun.Phone\Coding4Fun.Phone.Controls\Coding4Fun.Phone.Controls.csproj", "{09AC45C7-27E8-4A39-B2C4-0031111595D5}"
EndProject
Project("{FAE04EC0-301F-11D3-BF4B-00C04F79EFBC}") = "ImageBoard.Parsers.FChan", "ImageBoard.Parsers.FChan\ImageBoard.Parsers.FChan.csproj", "{69EFFF86-3CB9-4ACE-B967-E584DA352894}"
EndProject
Project("{FAE04EC0-301F-11D3-BF4B-00C04F79EFBC}") = "ImageBoard.Parsers.SevenChan", "ImageBoard.Parsers.SevenChan\ImageBoard.Parsers.SevenChan.csproj", "{7E76F747-A4D5-4E0F-882A-96BA3B17F05E}"
EndProject
Project("{FAE04EC0-301F-11D3-BF4B-00C04F79EFBC}") = "ImageBoard.Parsers.Ylilauta", "ImageBoard.Parsers.Ylilauta\ImageBoard.Parsers.Ylilauta.csproj", "{69A227BC-F212-419C-9546-9EA475E61A30}"
EndProject
Project("{FAE04EC0-301F-11D3-BF4B-00C04F79EFBC}") = "ImageBoard.Parsers.NewFapChan", "ImageBoard.Parsers.NewFapChan\ImageBoard.Parsers.NewFapChan.csproj", "{B72B42B2-F8BE-47A3-9F9E-1E17C9998839}"
EndProject
Project("{FAE04EC0-301F-11D3-BF4B-00C04F79EFBC}") = "ImageBoard.Parsers.OperatorChan", "ImageBoard.Parsers.OperatorChan\ImageBoard.Parsers.OperatorChan.csproj", "{35DCFB37-F902-4DAA-A227-B8BBF3711DBB}"
EndProject
Project("{FAE04EC0-301F-11D3-BF4B-00C04F79EFBC}") = "ImageBoard.Parsers.FetChan", "ImageBoard.Parsers.FetChan\ImageBoard.Parsers.FetChan.csproj", "{39305B39-A840-4D32-B6FD-5D0A81013FE0}"
EndProject
Project("{FAE04EC0-301F-11D3-BF4B-00C04F79EFBC}") = "ImageBoard.Parsers.ManeChan", "ImageBoard.Parsers.ManeChan\ImageBoard.Parsers.ManeChan.csproj", "{5EABB343-87E0-4370-961B-467E9ACA8411}"
EndProject
Project("{FAE04EC0-301F-11D3-BF4B-00C04F79EFBC}") = "ImageBoard.Parsers.MlpChan", "ImageBoard.Parsers.MlpChan\ImageBoard.Parsers.MlpChan.csproj", "{F6A9053B-CE94-414B-815B-43CC6CC704C5}"
EndProject
Project("{FAE04EC0-301F-11D3-BF4B-00C04F79EFBC}") = "ImageBoard.Parsers.WizardChan", "ImageBoard.Parsers.WizardChan\ImageBoard.Parsers.WizardChan.csproj", "{A0C944CF-9FDB-4BEF-9B36-38796A3464AC}"
EndProject
Project("{FAE04EC0-301F-11D3-BF4B-00C04F79EFBC}") = "ImageBoard.Parsers.AnonIb", "ImageBoard.Parsers.AnonIb\ImageBoard.Parsers.AnonIb.csproj", "{D4A0FF92-52D5-44AA-8CD7-13E011C6D99C}"
EndProject
Project("{FAE04EC0-301F-11D3-BF4B-00C04F79EFBC}") = "ImageBoard.Parsers.FiftyFiveChan", "ImageBoard.Parsers.FiftyFiveChan\ImageBoard.Parsers.FiftyFiveChan.csproj", "{A9D58856-6A70-44D9-87E8-5262FFDF4B8D}"
EndProject
Project("{FAE04EC0-301F-11D3-BF4B-00C04F79EFBC}") = "ImageBoard.Parsers.SeventySevenChan", "ImageBoard.Parsers.SeventySevenChan\ImageBoard.Parsers.SeventySevenChan.csproj", "{74DF4860-270E-4D88-8B66-C25AE001EF33}"
EndProject
Project("{FAE04EC0-301F-11D3-BF4B-00C04F79EFBC}") = "ImageBoard.Parsers.EightChan", "ImageBoard.Parsers.EightChan\ImageBoard.Parsers.EightChan.csproj", "{F5F5E6D4-3B25-459E-8E59-EF79EE6A4F7A}"
EndProject
Project("{FAE04EC0-301F-11D3-BF4B-00C04F79EFBC}") = "ImageTools.IO.Png.Phone", "ImageTools\Source\src\ImageTools\ImageTools.IO.Png.Phone\ImageTools.IO.Png.Phone.csproj", "{42CB737F-CC7F-4C39-B318-52D75C89B654}"
EndProject
Global
	GlobalSection(SolutionConfigurationPlatforms) = preSolution
		Debug|ARM = Debug|ARM
		Debug|x86 = Debug|x86
		Release|ARM = Release|ARM
		Release|x86 = Release|x86
	EndGlobalSection
	GlobalSection(ProjectConfigurationPlatforms) = postSolution
		{20C3493C-2B02-42B0-9546-ED6F206EC3ED}.Debug|ARM.ActiveCfg = Debug|ARM
		{20C3493C-2B02-42B0-9546-ED6F206EC3ED}.Debug|ARM.Build.0 = Debug|ARM
		{20C3493C-2B02-42B0-9546-ED6F206EC3ED}.Debug|ARM.Deploy.0 = Debug|ARM
		{20C3493C-2B02-42B0-9546-ED6F206EC3ED}.Debug|x86.ActiveCfg = Debug|x86
		{20C3493C-2B02-42B0-9546-ED6F206EC3ED}.Debug|x86.Build.0 = Debug|x86
		{20C3493C-2B02-42B0-9546-ED6F206EC3ED}.Debug|x86.Deploy.0 = Debug|x86
		{20C3493C-2B02-42B0-9546-ED6F206EC3ED}.Release|ARM.ActiveCfg = Release|ARM
		{20C3493C-2B02-42B0-9546-ED6F206EC3ED}.Release|ARM.Build.0 = Release|ARM
		{20C3493C-2B02-42B0-9546-ED6F206EC3ED}.Release|ARM.Deploy.0 = Release|ARM
		{20C3493C-2B02-42B0-9546-ED6F206EC3ED}.Release|x86.ActiveCfg = Release|Any CPU
		{20C3493C-2B02-42B0-9546-ED6F206EC3ED}.Release|x86.Build.0 = Release|Any CPU
		{48901D54-1574-47A3-88C3-413B5F1D0E3B}.Debug|ARM.ActiveCfg = Debug|Any CPU
		{48901D54-1574-47A3-88C3-413B5F1D0E3B}.Debug|ARM.Build.0 = Debug|Any CPU
		{48901D54-1574-47A3-88C3-413B5F1D0E3B}.Debug|x86.ActiveCfg = Debug|Any CPU
		{48901D54-1574-47A3-88C3-413B5F1D0E3B}.Debug|x86.Build.0 = Debug|Any CPU
		{48901D54-1574-47A3-88C3-413B5F1D0E3B}.Release|ARM.ActiveCfg = Release|Any CPU
		{48901D54-1574-47A3-88C3-413B5F1D0E3B}.Release|ARM.Build.0 = Release|Any CPU
		{48901D54-1574-47A3-88C3-413B5F1D0E3B}.Release|x86.ActiveCfg = Release|Any CPU
		{48901D54-1574-47A3-88C3-413B5F1D0E3B}.Release|x86.Build.0 = Release|Any CPU
		{7C52C9E4-9CC2-442A-B4F3-C70AB686E0DD}.Debug|ARM.ActiveCfg = Debug|Any CPU
		{7C52C9E4-9CC2-442A-B4F3-C70AB686E0DD}.Debug|ARM.Build.0 = Debug|Any CPU
		{7C52C9E4-9CC2-442A-B4F3-C70AB686E0DD}.Debug|x86.ActiveCfg = Debug|Any CPU
		{7C52C9E4-9CC2-442A-B4F3-C70AB686E0DD}.Debug|x86.Build.0 = Debug|Any CPU
		{7C52C9E4-9CC2-442A-B4F3-C70AB686E0DD}.Release|ARM.ActiveCfg = Release|Any CPU
		{7C52C9E4-9CC2-442A-B4F3-C70AB686E0DD}.Release|ARM.Build.0 = Release|Any CPU
		{7C52C9E4-9CC2-442A-B4F3-C70AB686E0DD}.Release|x86.ActiveCfg = Release|Any CPU
		{7C52C9E4-9CC2-442A-B4F3-C70AB686E0DD}.Release|x86.Build.0 = Release|Any CPU
		{5876DA9E-C3DF-4D27-835F-DF998658CB6E}.Debug|ARM.ActiveCfg = Debug|Any CPU
		{5876DA9E-C3DF-4D27-835F-DF998658CB6E}.Debug|ARM.Build.0 = Debug|Any CPU
		{5876DA9E-C3DF-4D27-835F-DF998658CB6E}.Debug|x86.ActiveCfg = Debug|Any CPU
		{5876DA9E-C3DF-4D27-835F-DF998658CB6E}.Debug|x86.Build.0 = Debug|Any CPU
		{5876DA9E-C3DF-4D27-835F-DF998658CB6E}.Release|ARM.ActiveCfg = Release|Any CPU
		{5876DA9E-C3DF-4D27-835F-DF998658CB6E}.Release|ARM.Build.0 = Release|Any CPU
		{5876DA9E-C3DF-4D27-835F-DF998658CB6E}.Release|x86.ActiveCfg = Release|Any CPU
		{5876DA9E-C3DF-4D27-835F-DF998658CB6E}.Release|x86.Build.0 = Release|Any CPU
		{58E343B0-5342-4266-8F2E-E1D0554B9D11}.Debug|ARM.ActiveCfg = Debug|Any CPU
		{58E343B0-5342-4266-8F2E-E1D0554B9D11}.Debug|ARM.Build.0 = Debug|Any CPU
		{58E343B0-5342-4266-8F2E-E1D0554B9D11}.Debug|x86.ActiveCfg = Debug|Any CPU
		{58E343B0-5342-4266-8F2E-E1D0554B9D11}.Debug|x86.Build.0 = Debug|Any CPU
		{58E343B0-5342-4266-8F2E-E1D0554B9D11}.Release|ARM.ActiveCfg = Release|Any CPU
		{58E343B0-5342-4266-8F2E-E1D0554B9D11}.Release|ARM.Build.0 = Release|Any CPU
		{58E343B0-5342-4266-8F2E-E1D0554B9D11}.Release|x86.ActiveCfg = Release|Any CPU
		{58E343B0-5342-4266-8F2E-E1D0554B9D11}.Release|x86.Build.0 = Release|Any CPU
		{30BEDEDE-3224-49FA-9340-8A82447619CB}.Debug|ARM.ActiveCfg = Debug|Any CPU
		{30BEDEDE-3224-49FA-9340-8A82447619CB}.Debug|ARM.Build.0 = Debug|Any CPU
		{30BEDEDE-3224-49FA-9340-8A82447619CB}.Debug|x86.ActiveCfg = Debug|Any CPU
		{30BEDEDE-3224-49FA-9340-8A82447619CB}.Debug|x86.Build.0 = Debug|Any CPU
		{30BEDEDE-3224-49FA-9340-8A82447619CB}.Release|ARM.ActiveCfg = Release|Any CPU
		{30BEDEDE-3224-49FA-9340-8A82447619CB}.Release|ARM.Build.0 = Release|Any CPU
		{30BEDEDE-3224-49FA-9340-8A82447619CB}.Release|x86.ActiveCfg = Release|Any CPU
		{30BEDEDE-3224-49FA-9340-8A82447619CB}.Release|x86.Build.0 = Release|Any CPU
		{F05F81AE-91FD-435D-9AC8-E53980B071A9}.Debug|ARM.ActiveCfg = Debug|Any CPU
		{F05F81AE-91FD-435D-9AC8-E53980B071A9}.Debug|ARM.Build.0 = Debug|Any CPU
		{F05F81AE-91FD-435D-9AC8-E53980B071A9}.Debug|x86.ActiveCfg = Debug|Any CPU
		{F05F81AE-91FD-435D-9AC8-E53980B071A9}.Debug|x86.Build.0 = Debug|Any CPU
		{F05F81AE-91FD-435D-9AC8-E53980B071A9}.Release|ARM.ActiveCfg = Release|Any CPU
		{F05F81AE-91FD-435D-9AC8-E53980B071A9}.Release|ARM.Build.0 = Release|Any CPU
		{F05F81AE-91FD-435D-9AC8-E53980B071A9}.Release|x86.ActiveCfg = Release|Any CPU
		{F05F81AE-91FD-435D-9AC8-E53980B071A9}.Release|x86.Build.0 = Release|Any CPU
		{C665C5C5-EFAC-4C29-A25A-FE4DDD28DD6F}.Debug|ARM.ActiveCfg = Debug|Any CPU
		{C665C5C5-EFAC-4C29-A25A-FE4DDD28DD6F}.Debug|ARM.Build.0 = Debug|Any CPU
		{C665C5C5-EFAC-4C29-A25A-FE4DDD28DD6F}.Debug|x86.ActiveCfg = Debug|Any CPU
		{C665C5C5-EFAC-4C29-A25A-FE4DDD28DD6F}.Debug|x86.Build.0 = Debug|Any CPU
		{C665C5C5-EFAC-4C29-A25A-FE4DDD28DD6F}.Release|ARM.ActiveCfg = Release|Any CPU
		{C665C5C5-EFAC-4C29-A25A-FE4DDD28DD6F}.Release|ARM.Build.0 = Release|Any CPU
		{C665C5C5-EFAC-4C29-A25A-FE4DDD28DD6F}.Release|x86.ActiveCfg = Release|Any CPU
		{C665C5C5-EFAC-4C29-A25A-FE4DDD28DD6F}.Release|x86.Build.0 = Release|Any CPU
		{9C412C44-F5F9-4FF6-8827-0A78C767363C}.Debug|ARM.ActiveCfg = Debug|Any CPU
		{9C412C44-F5F9-4FF6-8827-0A78C767363C}.Debug|ARM.Build.0 = Debug|Any CPU
		{9C412C44-F5F9-4FF6-8827-0A78C767363C}.Debug|x86.ActiveCfg = Debug|Any CPU
		{9C412C44-F5F9-4FF6-8827-0A78C767363C}.Debug|x86.Build.0 = Debug|Any CPU
		{9C412C44-F5F9-4FF6-8827-0A78C767363C}.Release|ARM.ActiveCfg = Release|Any CPU
		{9C412C44-F5F9-4FF6-8827-0A78C767363C}.Release|ARM.Build.0 = Release|Any CPU
		{9C412C44-F5F9-4FF6-8827-0A78C767363C}.Release|x86.ActiveCfg = Release|Any CPU
		{9C412C44-F5F9-4FF6-8827-0A78C767363C}.Release|x86.Build.0 = Release|Any CPU
		{A7399B0D-8145-49FD-9663-D62EA77AFA79}.Debug|ARM.ActiveCfg = Debug|Any CPU
		{A7399B0D-8145-49FD-9663-D62EA77AFA79}.Debug|ARM.Build.0 = Debug|Any CPU
		{A7399B0D-8145-49FD-9663-D62EA77AFA79}.Debug|x86.ActiveCfg = Debug|Any CPU
		{A7399B0D-8145-49FD-9663-D62EA77AFA79}.Debug|x86.Build.0 = Debug|Any CPU
		{A7399B0D-8145-49FD-9663-D62EA77AFA79}.Release|ARM.ActiveCfg = Release|Any CPU
		{A7399B0D-8145-49FD-9663-D62EA77AFA79}.Release|ARM.Build.0 = Release|Any CPU
		{A7399B0D-8145-49FD-9663-D62EA77AFA79}.Release|x86.ActiveCfg = Release|Any CPU
		{A7399B0D-8145-49FD-9663-D62EA77AFA79}.Release|x86.Build.0 = Release|Any CPU
		{43CB4B29-3D18-4A3D-8BA6-2509DB8AACCA}.Debug|ARM.ActiveCfg = Debug|Any CPU
		{43CB4B29-3D18-4A3D-8BA6-2509DB8AACCA}.Debug|ARM.Build.0 = Debug|Any CPU
		{43CB4B29-3D18-4A3D-8BA6-2509DB8AACCA}.Debug|x86.ActiveCfg = Debug|Any CPU
		{43CB4B29-3D18-4A3D-8BA6-2509DB8AACCA}.Debug|x86.Build.0 = Debug|Any CPU
		{43CB4B29-3D18-4A3D-8BA6-2509DB8AACCA}.Release|ARM.ActiveCfg = Release|Any CPU
		{43CB4B29-3D18-4A3D-8BA6-2509DB8AACCA}.Release|ARM.Build.0 = Release|Any CPU
		{43CB4B29-3D18-4A3D-8BA6-2509DB8AACCA}.Release|x86.ActiveCfg = Release|Any CPU
		{43CB4B29-3D18-4A3D-8BA6-2509DB8AACCA}.Release|x86.Build.0 = Release|Any CPU
		{1E6A01CC-4CF3-479E-A66B-C34B12AAB833}.Debug|ARM.ActiveCfg = Debug|Any CPU
		{1E6A01CC-4CF3-479E-A66B-C34B12AAB833}.Debug|ARM.Build.0 = Debug|Any CPU
		{1E6A01CC-4CF3-479E-A66B-C34B12AAB833}.Debug|x86.ActiveCfg = Debug|Any CPU
		{1E6A01CC-4CF3-479E-A66B-C34B12AAB833}.Debug|x86.Build.0 = Debug|Any CPU
		{1E6A01CC-4CF3-479E-A66B-C34B12AAB833}.Release|ARM.ActiveCfg = Release|Any CPU
		{1E6A01CC-4CF3-479E-A66B-C34B12AAB833}.Release|ARM.Build.0 = Release|Any CPU
		{1E6A01CC-4CF3-479E-A66B-C34B12AAB833}.Release|x86.ActiveCfg = Release|Any CPU
		{1E6A01CC-4CF3-479E-A66B-C34B12AAB833}.Release|x86.Build.0 = Release|Any CPU
		{09AC45C7-27E8-4A39-B2C4-0031111595D5}.Debug|ARM.ActiveCfg = Debug|Any CPU
		{09AC45C7-27E8-4A39-B2C4-0031111595D5}.Debug|ARM.Build.0 = Debug|Any CPU
		{09AC45C7-27E8-4A39-B2C4-0031111595D5}.Debug|x86.ActiveCfg = Debug|Any CPU
		{09AC45C7-27E8-4A39-B2C4-0031111595D5}.Debug|x86.Build.0 = Debug|Any CPU
		{09AC45C7-27E8-4A39-B2C4-0031111595D5}.Release|ARM.ActiveCfg = Release|Any CPU
		{09AC45C7-27E8-4A39-B2C4-0031111595D5}.Release|ARM.Build.0 = Release|Any CPU
		{09AC45C7-27E8-4A39-B2C4-0031111595D5}.Release|x86.ActiveCfg = Release|Any CPU
		{09AC45C7-27E8-4A39-B2C4-0031111595D5}.Release|x86.Build.0 = Release|Any CPU
		{69EFFF86-3CB9-4ACE-B967-E584DA352894}.Debug|ARM.ActiveCfg = Debug|Any CPU
		{69EFFF86-3CB9-4ACE-B967-E584DA352894}.Debug|ARM.Build.0 = Debug|Any CPU
		{69EFFF86-3CB9-4ACE-B967-E584DA352894}.Debug|x86.ActiveCfg = Debug|Any CPU
		{69EFFF86-3CB9-4ACE-B967-E584DA352894}.Debug|x86.Build.0 = Debug|Any CPU
		{69EFFF86-3CB9-4ACE-B967-E584DA352894}.Release|ARM.ActiveCfg = Release|Any CPU
		{69EFFF86-3CB9-4ACE-B967-E584DA352894}.Release|ARM.Build.0 = Release|Any CPU
		{69EFFF86-3CB9-4ACE-B967-E584DA352894}.Release|x86.ActiveCfg = Release|Any CPU
		{69EFFF86-3CB9-4ACE-B967-E584DA352894}.Release|x86.Build.0 = Release|Any CPU
		{7E76F747-A4D5-4E0F-882A-96BA3B17F05E}.Debug|ARM.ActiveCfg = Debug|Any CPU
		{7E76F747-A4D5-4E0F-882A-96BA3B17F05E}.Debug|ARM.Build.0 = Debug|Any CPU
		{7E76F747-A4D5-4E0F-882A-96BA3B17F05E}.Debug|x86.ActiveCfg = Debug|Any CPU
		{7E76F747-A4D5-4E0F-882A-96BA3B17F05E}.Debug|x86.Build.0 = Debug|Any CPU
		{7E76F747-A4D5-4E0F-882A-96BA3B17F05E}.Release|ARM.ActiveCfg = Release|Any CPU
		{7E76F747-A4D5-4E0F-882A-96BA3B17F05E}.Release|ARM.Build.0 = Release|Any CPU
		{7E76F747-A4D5-4E0F-882A-96BA3B17F05E}.Release|x86.ActiveCfg = Release|Any CPU
		{7E76F747-A4D5-4E0F-882A-96BA3B17F05E}.Release|x86.Build.0 = Release|Any CPU
		{69A227BC-F212-419C-9546-9EA475E61A30}.Debug|ARM.ActiveCfg = Debug|Any CPU
		{69A227BC-F212-419C-9546-9EA475E61A30}.Debug|ARM.Build.0 = Debug|Any CPU
		{69A227BC-F212-419C-9546-9EA475E61A30}.Debug|x86.ActiveCfg = Debug|Any CPU
		{69A227BC-F212-419C-9546-9EA475E61A30}.Debug|x86.Build.0 = Debug|Any CPU
		{69A227BC-F212-419C-9546-9EA475E61A30}.Release|ARM.ActiveCfg = Release|Any CPU
		{69A227BC-F212-419C-9546-9EA475E61A30}.Release|ARM.Build.0 = Release|Any CPU
		{69A227BC-F212-419C-9546-9EA475E61A30}.Release|x86.ActiveCfg = Release|Any CPU
		{69A227BC-F212-419C-9546-9EA475E61A30}.Release|x86.Build.0 = Release|Any CPU
		{B72B42B2-F8BE-47A3-9F9E-1E17C9998839}.Debug|ARM.ActiveCfg = Debug|Any CPU
		{B72B42B2-F8BE-47A3-9F9E-1E17C9998839}.Debug|ARM.Build.0 = Debug|Any CPU
		{B72B42B2-F8BE-47A3-9F9E-1E17C9998839}.Debug|x86.ActiveCfg = Debug|Any CPU
		{B72B42B2-F8BE-47A3-9F9E-1E17C9998839}.Debug|x86.Build.0 = Debug|Any CPU
		{B72B42B2-F8BE-47A3-9F9E-1E17C9998839}.Release|ARM.ActiveCfg = Release|Any CPU
		{B72B42B2-F8BE-47A3-9F9E-1E17C9998839}.Release|ARM.Build.0 = Release|Any CPU
		{B72B42B2-F8BE-47A3-9F9E-1E17C9998839}.Release|x86.ActiveCfg = Release|Any CPU
		{B72B42B2-F8BE-47A3-9F9E-1E17C9998839}.Release|x86.Build.0 = Release|Any CPU
		{35DCFB37-F902-4DAA-A227-B8BBF3711DBB}.Debug|ARM.ActiveCfg = Debug|Any CPU
		{35DCFB37-F902-4DAA-A227-B8BBF3711DBB}.Debug|ARM.Build.0 = Debug|Any CPU
		{35DCFB37-F902-4DAA-A227-B8BBF3711DBB}.Debug|x86.ActiveCfg = Debug|Any CPU
		{35DCFB37-F902-4DAA-A227-B8BBF3711DBB}.Debug|x86.Build.0 = Debug|Any CPU
		{35DCFB37-F902-4DAA-A227-B8BBF3711DBB}.Release|ARM.ActiveCfg = Release|Any CPU
		{35DCFB37-F902-4DAA-A227-B8BBF3711DBB}.Release|ARM.Build.0 = Release|Any CPU
		{35DCFB37-F902-4DAA-A227-B8BBF3711DBB}.Release|x86.ActiveCfg = Release|Any CPU
		{35DCFB37-F902-4DAA-A227-B8BBF3711DBB}.Release|x86.Build.0 = Release|Any CPU
		{39305B39-A840-4D32-B6FD-5D0A81013FE0}.Debug|ARM.ActiveCfg = Debug|Any CPU
		{39305B39-A840-4D32-B6FD-5D0A81013FE0}.Debug|ARM.Build.0 = Debug|Any CPU
		{39305B39-A840-4D32-B6FD-5D0A81013FE0}.Debug|x86.ActiveCfg = Debug|Any CPU
		{39305B39-A840-4D32-B6FD-5D0A81013FE0}.Debug|x86.Build.0 = Debug|Any CPU
		{39305B39-A840-4D32-B6FD-5D0A81013FE0}.Release|ARM.ActiveCfg = Release|Any CPU
		{39305B39-A840-4D32-B6FD-5D0A81013FE0}.Release|ARM.Build.0 = Release|Any CPU
		{39305B39-A840-4D32-B6FD-5D0A81013FE0}.Release|x86.ActiveCfg = Release|Any CPU
		{39305B39-A840-4D32-B6FD-5D0A81013FE0}.Release|x86.Build.0 = Release|Any CPU
		{5EABB343-87E0-4370-961B-467E9ACA8411}.Debug|ARM.ActiveCfg = Debug|Any CPU
		{5EABB343-87E0-4370-961B-467E9ACA8411}.Debug|ARM.Build.0 = Debug|Any CPU
		{5EABB343-87E0-4370-961B-467E9ACA8411}.Debug|x86.ActiveCfg = Debug|Any CPU
		{5EABB343-87E0-4370-961B-467E9ACA8411}.Debug|x86.Build.0 = Debug|Any CPU
		{5EABB343-87E0-4370-961B-467E9ACA8411}.Release|ARM.ActiveCfg = Release|Any CPU
		{5EABB343-87E0-4370-961B-467E9ACA8411}.Release|ARM.Build.0 = Release|Any CPU
		{5EABB343-87E0-4370-961B-467E9ACA8411}.Release|x86.ActiveCfg = Release|Any CPU
		{5EABB343-87E0-4370-961B-467E9ACA8411}.Release|x86.Build.0 = Release|Any CPU
		{F6A9053B-CE94-414B-815B-43CC6CC704C5}.Debug|ARM.ActiveCfg = Debug|Any CPU
		{F6A9053B-CE94-414B-815B-43CC6CC704C5}.Debug|ARM.Build.0 = Debug|Any CPU
		{F6A9053B-CE94-414B-815B-43CC6CC704C5}.Debug|x86.ActiveCfg = Debug|Any CPU
		{F6A9053B-CE94-414B-815B-43CC6CC704C5}.Debug|x86.Build.0 = Debug|Any CPU
		{F6A9053B-CE94-414B-815B-43CC6CC704C5}.Release|ARM.ActiveCfg = Release|Any CPU
		{F6A9053B-CE94-414B-815B-43CC6CC704C5}.Release|ARM.Build.0 = Release|Any CPU
		{F6A9053B-CE94-414B-815B-43CC6CC704C5}.Release|x86.ActiveCfg = Release|Any CPU
		{F6A9053B-CE94-414B-815B-43CC6CC704C5}.Release|x86.Build.0 = Release|Any CPU
		{A0C944CF-9FDB-4BEF-9B36-38796A3464AC}.Debug|ARM.ActiveCfg = Debug|Any CPU
		{A0C944CF-9FDB-4BEF-9B36-38796A3464AC}.Debug|ARM.Build.0 = Debug|Any CPU
		{A0C944CF-9FDB-4BEF-9B36-38796A3464AC}.Debug|x86.ActiveCfg = Debug|Any CPU
		{A0C944CF-9FDB-4BEF-9B36-38796A3464AC}.Debug|x86.Build.0 = Debug|Any CPU
		{A0C944CF-9FDB-4BEF-9B36-38796A3464AC}.Release|ARM.ActiveCfg = Release|Any CPU
		{A0C944CF-9FDB-4BEF-9B36-38796A3464AC}.Release|ARM.Build.0 = Release|Any CPU
		{A0C944CF-9FDB-4BEF-9B36-38796A3464AC}.Release|x86.ActiveCfg = Release|Any CPU
		{A0C944CF-9FDB-4BEF-9B36-38796A3464AC}.Release|x86.Build.0 = Release|Any CPU
		{D4A0FF92-52D5-44AA-8CD7-13E011C6D99C}.Debug|ARM.ActiveCfg = Debug|Any CPU
		{D4A0FF92-52D5-44AA-8CD7-13E011C6D99C}.Debug|ARM.Build.0 = Debug|Any CPU
		{D4A0FF92-52D5-44AA-8CD7-13E011C6D99C}.Debug|x86.ActiveCfg = Debug|Any CPU
		{D4A0FF92-52D5-44AA-8CD7-13E011C6D99C}.Debug|x86.Build.0 = Debug|Any CPU
		{D4A0FF92-52D5-44AA-8CD7-13E011C6D99C}.Release|ARM.ActiveCfg = Release|Any CPU
		{D4A0FF92-52D5-44AA-8CD7-13E011C6D99C}.Release|ARM.Build.0 = Release|Any CPU
		{D4A0FF92-52D5-44AA-8CD7-13E011C6D99C}.Release|x86.ActiveCfg = Release|Any CPU
		{D4A0FF92-52D5-44AA-8CD7-13E011C6D99C}.Release|x86.Build.0 = Release|Any CPU
		{A9D58856-6A70-44D9-87E8-5262FFDF4B8D}.Debug|ARM.ActiveCfg = Debug|Any CPU
		{A9D58856-6A70-44D9-87E8-5262FFDF4B8D}.Debug|ARM.Build.0 = Debug|Any CPU
		{A9D58856-6A70-44D9-87E8-5262FFDF4B8D}.Debug|x86.ActiveCfg = Debug|Any CPU
		{A9D58856-6A70-44D9-87E8-5262FFDF4B8D}.Debug|x86.Build.0 = Debug|Any CPU
		{A9D58856-6A70-44D9-87E8-5262FFDF4B8D}.Release|ARM.ActiveCfg = Release|Any CPU
		{A9D58856-6A70-44D9-87E8-5262FFDF4B8D}.Release|ARM.Build.0 = Release|Any CPU
		{A9D58856-6A70-44D9-87E8-5262FFDF4B8D}.Release|x86.ActiveCfg = Release|Any CPU
		{A9D58856-6A70-44D9-87E8-5262FFDF4B8D}.Release|x86.Build.0 = Release|Any CPU
		{74DF4860-270E-4D88-8B66-C25AE001EF33}.Debug|ARM.ActiveCfg = Debug|Any CPU
		{74DF4860-270E-4D88-8B66-C25AE001EF33}.Debug|ARM.Build.0 = Debug|Any CPU
		{74DF4860-270E-4D88-8B66-C25AE001EF33}.Debug|x86.ActiveCfg = Debug|Any CPU
		{74DF4860-270E-4D88-8B66-C25AE001EF33}.Debug|x86.Build.0 = Debug|Any CPU
		{74DF4860-270E-4D88-8B66-C25AE001EF33}.Release|ARM.ActiveCfg = Release|Any CPU
		{74DF4860-270E-4D88-8B66-C25AE001EF33}.Release|ARM.Build.0 = Release|Any CPU
		{74DF4860-270E-4D88-8B66-C25AE001EF33}.Release|x86.ActiveCfg = Release|Any CPU
		{74DF4860-270E-4D88-8B66-C25AE001EF33}.Release|x86.Build.0 = Release|Any CPU
		{F5F5E6D4-3B25-459E-8E59-EF79EE6A4F7A}.Debug|ARM.ActiveCfg = Debug|Any CPU
		{F5F5E6D4-3B25-459E-8E59-EF79EE6A4F7A}.Debug|ARM.Build.0 = Debug|Any CPU
		{F5F5E6D4-3B25-459E-8E59-EF79EE6A4F7A}.Debug|x86.ActiveCfg = Debug|Any CPU
		{F5F5E6D4-3B25-459E-8E59-EF79EE6A4F7A}.Debug|x86.Build.0 = Debug|Any CPU
		{F5F5E6D4-3B25-459E-8E59-EF79EE6A4F7A}.Release|ARM.ActiveCfg = Release|Any CPU
		{F5F5E6D4-3B25-459E-8E59-EF79EE6A4F7A}.Release|ARM.Build.0 = Release|Any CPU
		{F5F5E6D4-3B25-459E-8E59-EF79EE6A4F7A}.Release|x86.ActiveCfg = Release|Any CPU
		{F5F5E6D4-3B25-459E-8E59-EF79EE6A4F7A}.Release|x86.Build.0 = Release|Any CPU
		{42CB737F-CC7F-4C39-B318-52D75C89B654}.Debug|ARM.ActiveCfg = Debug|Any CPU
		{42CB737F-CC7F-4C39-B318-52D75C89B654}.Debug|ARM.Build.0 = Debug|Any CPU
		{42CB737F-CC7F-4C39-B318-52D75C89B654}.Debug|x86.ActiveCfg = Debug|Any CPU
		{42CB737F-CC7F-4C39-B318-52D75C89B654}.Debug|x86.Build.0 = Debug|Any CPU
		{42CB737F-CC7F-4C39-B318-52D75C89B654}.Release|ARM.ActiveCfg = Release|Any CPU
		{42CB737F-CC7F-4C39-B318-52D75C89B654}.Release|ARM.Build.0 = Release|Any CPU
		{42CB737F-CC7F-4C39-B318-52D75C89B654}.Release|x86.ActiveCfg = Release|x86
		{42CB737F-CC7F-4C39-B318-52D75C89B654}.Release|x86.Build.0 = Release|x86
	EndGlobalSection
	GlobalSection(SolutionProperties) = preSolution
		HideSolutionNode = FALSE
	EndGlobalSection
	GlobalSection(NestedProjects) = preSolution
		{5876DA9E-C3DF-4D27-835F-DF998658CB6E} = {D14FB89B-F475-4DDF-9B58-E6A19A7A3611}
		{58E343B0-5342-4266-8F2E-E1D0554B9D11} = {D14FB89B-F475-4DDF-9B58-E6A19A7A3611}
		{30BEDEDE-3224-49FA-9340-8A82447619CB} = {D14FB89B-F475-4DDF-9B58-E6A19A7A3611}
		{F05F81AE-91FD-435D-9AC8-E53980B071A9} = {D14FB89B-F475-4DDF-9B58-E6A19A7A3611}
		{C665C5C5-EFAC-4C29-A25A-FE4DDD28DD6F} = {A84F4B5A-5C8C-430B-AE78-08C898F99D18}
		{9C412C44-F5F9-4FF6-8827-0A78C767363C} = {A84F4B5A-5C8C-430B-AE78-08C898F99D18}
		{A7399B0D-8145-49FD-9663-D62EA77AFA79} = {A84F4B5A-5C8C-430B-AE78-08C898F99D18}
		{43CB4B29-3D18-4A3D-8BA6-2509DB8AACCA} = {A84F4B5A-5C8C-430B-AE78-08C898F99D18}
		{1E6A01CC-4CF3-479E-A66B-C34B12AAB833} = {A84F4B5A-5C8C-430B-AE78-08C898F99D18}
		{69EFFF86-3CB9-4ACE-B967-E584DA352894} = {A84F4B5A-5C8C-430B-AE78-08C898F99D18}
		{7E76F747-A4D5-4E0F-882A-96BA3B17F05E} = {A84F4B5A-5C8C-430B-AE78-08C898F99D18}
		{69A227BC-F212-419C-9546-9EA475E61A30} = {A84F4B5A-5C8C-430B-AE78-08C898F99D18}
		{B72B42B2-F8BE-47A3-9F9E-1E17C9998839} = {A84F4B5A-5C8C-430B-AE78-08C898F99D18}
		{35DCFB37-F902-4DAA-A227-B8BBF3711DBB} = {A84F4B5A-5C8C-430B-AE78-08C898F99D18}
		{39305B39-A840-4D32-B6FD-5D0A81013FE0} = {A84F4B5A-5C8C-430B-AE78-08C898F99D18}
		{5EABB343-87E0-4370-961B-467E9ACA8411} = {A84F4B5A-5C8C-430B-AE78-08C898F99D18}
		{F6A9053B-CE94-414B-815B-43CC6CC704C5} = {A84F4B5A-5C8C-430B-AE78-08C898F99D18}
		{A0C944CF-9FDB-4BEF-9B36-38796A3464AC} = {A84F4B5A-5C8C-430B-AE78-08C898F99D18}
		{D4A0FF92-52D5-44AA-8CD7-13E011C6D99C} = {A84F4B5A-5C8C-430B-AE78-08C898F99D18}
		{A9D58856-6A70-44D9-87E8-5262FFDF4B8D} = {A84F4B5A-5C8C-430B-AE78-08C898F99D18}
		{74DF4860-270E-4D88-8B66-C25AE001EF33} = {A84F4B5A-5C8C-430B-AE78-08C898F99D18}
		{F5F5E6D4-3B25-459E-8E59-EF79EE6A4F7A} = {A84F4B5A-5C8C-430B-AE78-08C898F99D18}
		{42CB737F-CC7F-4C39-B318-52D75C89B654} = {D14FB89B-F475-4DDF-9B58-E6A19A7A3611}
	EndGlobalSection
	GlobalSection(CodealikeProperties) = postSolution
		SolutionGuid = 468b2ff7-8b8c-4809-ae80-103faa50a962
	EndGlobalSection
EndGlobal
